
Microsoft Visual Studio Solution File, Format Version 12.00
# Visual Studio 15
VisualStudioVersion = 15.0.28307.1022
MinimumVisualStudioVersion = 10.0.40219.1
Project("{FAE04EC0-301F-11D3-BF4B-00C04F79EFBC}") = "GIFPlayer", "GIFPlayer\GIFPlayer.csproj", "{CA40BE01-A8E4-4B40-B1C1-321DA498B7BE}"
EndProject
Global
	GlobalSection(SolutionConfigurationPlatforms) = preSolution
		Debug|Any CPU = Debug|Any CPU
		Release|Any CPU = Release|Any CPU
	EndGlobalSection
	GlobalSection(ProjectConfigurationPlatforms) = postSolution
		{CA40BE01-A8E4-4B40-B1C1-321DA498B7BE}.Debug|Any CPU.ActiveCfg = Debug|Any CPU
		{CA40BE01-A8E4-4B40-B1C1-321DA498B7BE}.Debug|Any CPU.Build.0 = Debug|Any CPU
		{CA40BE01-A8E4-4B40-B1C1-321DA498B7BE}.Release|Any CPU.ActiveCfg = Release|Any CPU
		{CA40BE01-A8E4-4B40-B1C1-321DA498B7BE}.Release|Any CPU.Build.0 = Release|Any CPU
	EndGlobalSection
	GlobalSection(SolutionProperties) = preSolution
		HideSolutionNode = FALSE
	EndGlobalSection
	GlobalSection(ExtensibilityGlobals) = postSolution
		SolutionGuid = {461BB23D-B6B7-4943-A897-55BFFB768101}
	EndGlobalSection
EndGlobal
